
Microsoft Visual Studio Solution File, Format Version 12.00
Project("{FAE04EC0-301F-11D3-BF4B-00C04F79EFBC}") = "BoilerPlate.App.API", "src\BoilerPlate.App.API\BoilerPlate.App.API.csproj", "{BEC64C19-CE1D-40F7-AA89-E37B00C4C6E3}"
EndProject
Project("{2150E333-8FDC-42A3-9474-1A3956D46DE8}") = "src", "src", "{79BFC0EB-F987-42D1-A3AA-486522E2F4DC}"
EndProject
Project("{2150E333-8FDC-42A3-9474-1A3956D46DE8}") = "test", "test", "{EBDF250E-4C69-4B73-B2B1-DB7533B4AB42}"
EndProject
Project("{2150E333-8FDC-42A3-9474-1A3956D46DE8}") = "common", "common", "{49A7CB24-3A95-46E3-AB98-D1E95BA2CEF4}"
	ProjectSection(SolutionItems) = preProject
		.config\dotnet-tools.json = .config\dotnet-tools.json
		.editorconfig = .editorconfig
		global.json = global.json
		..\.gitignore = ..\.gitignore
		nuget.config = nuget.config
		Dockerfile = Dockerfile
		README.md = README.md
	EndProjectSection
EndProject
Project("{FAE04EC0-301F-11D3-BF4B-00C04F79EFBC}") = "BoilerPlate.Utils.TsClientGenerator", "src\BoilerPlate.Utils.TsClientGenerator\BoilerPlate.Utils.TsClientGenerator.csproj", "{E6EA31C5-F266-40F4-BA37-C7F07FBD8E58}"
EndProject
Project("{2150E333-8FDC-42A3-9474-1A3956D46DE8}") = "utils", "utils", "{7A743853-CBAE-4678-AF09-DE985A820C40}"
EndProject
Project("{FAE04EC0-301F-11D3-BF4B-00C04F79EFBC}") = "BoilerPlate.Core", "src\BoilerPlate.Core\BoilerPlate.Core.csproj", "{2599B08F-C8FD-4276-89AD-A3BDA5BF6F5D}"
EndProject
Project("{FAE04EC0-301F-11D3-BF4B-00C04F79EFBC}") = "BoilerPlate.Data.Domain", "src\BoilerPlate.Data.Domain\BoilerPlate.Data.Domain.csproj", "{3EE3A60A-697B-4D18-B08A-7365AD853CC1}"
EndProject
Project("{FAE04EC0-301F-11D3-BF4B-00C04F79EFBC}") = "BoilerPlate.Data.DAL", "src\BoilerPlate.Data.DAL\BoilerPlate.Data.DAL.csproj", "{62EDB70F-DED3-4E9D-91FD-4ED0D84AD59A}"
EndProject
Project("{FAE04EC0-301F-11D3-BF4B-00C04F79EFBC}") = "BoilerPlate.Data.DTO", "src\BoilerPlate.Data.DTO\BoilerPlate.Data.DTO.csproj", "{F615F589-C5DB-4163-B95D-F044E9789C4B}"
EndProject
Project("{2150E333-8FDC-42A3-9474-1A3956D46DE8}") = "services", "services", "{75808891-2011-4419-8C80-3E138AF740B6}"
EndProject
Project("{FAE04EC0-301F-11D3-BF4B-00C04F79EFBC}") = "BoilerPlate.Services.System", "src\BoilerPlate.Services.System\BoilerPlate.Services.System.csproj", "{7F53B7DF-C94A-4BB6-A36A-0775F780D477}"
EndProject
Project("{2150E333-8FDC-42A3-9474-1A3956D46DE8}") = "data", "data", "{9685ACD3-7712-4479-985F-176BE8361BF9}"
EndProject
Project("{FAE04EC0-301F-11D3-BF4B-00C04F79EFBC}") = "BoilerPlate.Tests.Base", "test\BoilerPlate.Tests.Base\BoilerPlate.Tests.Base.csproj", "{1270BD19-1A38-4E67-AAD6-6D9F493DE151}"
EndProject
Project("{FAE04EC0-301F-11D3-BF4B-00C04F79EFBC}") = "BoilerPlate.App.Jobs", "src\BoilerPlate.App.Jobs\BoilerPlate.App.Jobs.csproj", "{FD541A97-C886-48D4-9186-2643B0A9DF13}"
EndProject
Project("{FAE04EC0-301F-11D3-BF4B-00C04F79EFBC}") = "BoilerPlate.App.Handlers", "src\BoilerPlate.App.Handlers\BoilerPlate.App.Handlers.csproj", "{A5EA4FB0-9422-4303-9EB6-83EB364845B9}"
EndProject
Project("{FAE04EC0-301F-11D3-BF4B-00C04F79EFBC}") = "BoilerPlate.Data.Abstractions", "src\BoilerPlate.Data.Abstractions\BoilerPlate.Data.Abstractions.csproj", "{C2D5CAB3-1D23-4620-ACCD-474AB892DF76}"
EndProject
Project("{FAE04EC0-301F-11D3-BF4B-00C04F79EFBC}") = "BoilerPlate.Core.Exceptions", "src\BoilerPlate.Core.Exceptions\BoilerPlate.Core.Exceptions.csproj", "{84F8223B-300F-4489-9F53-210DFB2C5D7F}"
EndProject
Project("{2150E333-8FDC-42A3-9474-1A3956D46DE8}") = "core", "core", "{7CD66731-E1A9-4F84-AEF4-F4433B443544}"
EndProject
Project("{2150E333-8FDC-42A3-9474-1A3956D46DE8}") = "app", "app", "{BD92142E-C92F-43B7-A2CF-6049962F1632}"
EndProject
Project("{FAE04EC0-301F-11D3-BF4B-00C04F79EFBC}") = "BoilerPlate.Data.Notifications", "src\BoilerPlate.Data.Notifications\BoilerPlate.Data.Notifications.csproj", "{A20DB726-CB2A-454E-B47F-A1CDE3CA2675}"
EndProject
Project("{FAE04EC0-301F-11D3-BF4B-00C04F79EFBC}") = "BoilerPlate.Data.Seeds", "src\BoilerPlate.Data.Seeds\BoilerPlate.Data.Seeds.csproj", "{DC2A94AF-C6F3-4877-8AD9-43AEE42C79A4}"
EndProject
Project("{FAE04EC0-301F-11D3-BF4B-00C04F79EFBC}") = "BoilerPlate.Tests.Seeds", "test\BoilerPlate.Tests.Seeds\BoilerPlate.Tests.Seeds.csproj", "{2189A028-4F64-44C9-BE8F-1EC40D2F6422}"
EndProject
Project("{FAE04EC0-301F-11D3-BF4B-00C04F79EFBC}") = "BoilerPlate.Tests.Integration", "test\BoilerPlate.Tests.Integration\BoilerPlate.Tests.Integration.csproj", "{C76BFC27-56DE-460E-BAB6-55EFC6E54CEB}"
EndProject
Project("{2150E333-8FDC-42A3-9474-1A3956D46DE8}") = "services", "services", "{F1C60A33-0B4F-4B8A-AF7B-FF921FC7D518}"
EndProject
Project("{FAE04EC0-301F-11D3-BF4B-00C04F79EFBC}") = "BoilerPlate.Tests.Services.Common", "test\BoilerPlate.Tests.Services.Common\BoilerPlate.Tests.Services.Common.csproj", "{5703CD9D-9634-49B7-B7CD-C98F4E8FFF85}"
EndProject
Project("{FAE04EC0-301F-11D3-BF4B-00C04F79EFBC}") = "BoilerPlate.Services.Kafka", "src\BoilerPlate.Services.Kafka\BoilerPlate.Services.Kafka.csproj", "{0169110A-3041-49F7-8E9E-765E310C10F6}"
EndProject
Project("{2150E333-8FDC-42A3-9474-1A3956D46DE8}") = "data", "data", "{60FCC6F2-0D28-48D0-AD47-0F68249E8380}"
EndProject
Project("{FAE04EC0-301F-11D3-BF4B-00C04F79EFBC}") = "BoilerPlate.Tests.Data.DAL", "test\BoilerPlate.Tests.Data.DAL\BoilerPlate.Tests.Data.DAL.csproj", "{2908074B-6B58-4010-AEA2-ACB17FF16E80}"
EndProject
Project("{FAE04EC0-301F-11D3-BF4B-00C04F79EFBC}") = "BoilerPlate.App.Mappers", "src\BoilerPlate.App.Mappers\BoilerPlate.App.Mappers.csproj", "{91110BD9-5040-44C8-912A-88FA7F74B204}"
EndProject
Project("{FAE04EC0-301F-11D3-BF4B-00C04F79EFBC}") = "BoilerPlate.App.Validators", "src\BoilerPlate.App.Validators\BoilerPlate.App.Validators.csproj", "{9952F359-59B2-446B-937D-C660C5372C66}"
EndProject
Global
	GlobalSection(SolutionConfigurationPlatforms) = preSolution
		Debug|Any CPU = Debug|Any CPU
		Release|Any CPU = Release|Any CPU
	EndGlobalSection
	GlobalSection(ProjectConfigurationPlatforms) = postSolution
		{BEC64C19-CE1D-40F7-AA89-E37B00C4C6E3}.Debug|Any CPU.ActiveCfg = Debug|Any CPU
		{BEC64C19-CE1D-40F7-AA89-E37B00C4C6E3}.Debug|Any CPU.Build.0 = Debug|Any CPU
		{BEC64C19-CE1D-40F7-AA89-E37B00C4C6E3}.Release|Any CPU.ActiveCfg = Release|Any CPU
		{BEC64C19-CE1D-40F7-AA89-E37B00C4C6E3}.Release|Any CPU.Build.0 = Release|Any CPU
		{E6EA31C5-F266-40F4-BA37-C7F07FBD8E58}.Debug|Any CPU.ActiveCfg = Debug|Any CPU
		{E6EA31C5-F266-40F4-BA37-C7F07FBD8E58}.Debug|Any CPU.Build.0 = Debug|Any CPU
		{E6EA31C5-F266-40F4-BA37-C7F07FBD8E58}.Release|Any CPU.ActiveCfg = Release|Any CPU
		{E6EA31C5-F266-40F4-BA37-C7F07FBD8E58}.Release|Any CPU.Build.0 = Release|Any CPU
		{2599B08F-C8FD-4276-89AD-A3BDA5BF6F5D}.Debug|Any CPU.ActiveCfg = Debug|Any CPU
		{2599B08F-C8FD-4276-89AD-A3BDA5BF6F5D}.Debug|Any CPU.Build.0 = Debug|Any CPU
		{2599B08F-C8FD-4276-89AD-A3BDA5BF6F5D}.Release|Any CPU.ActiveCfg = Release|Any CPU
		{2599B08F-C8FD-4276-89AD-A3BDA5BF6F5D}.Release|Any CPU.Build.0 = Release|Any CPU
		{3EE3A60A-697B-4D18-B08A-7365AD853CC1}.Debug|Any CPU.ActiveCfg = Debug|Any CPU
		{3EE3A60A-697B-4D18-B08A-7365AD853CC1}.Debug|Any CPU.Build.0 = Debug|Any CPU
		{3EE3A60A-697B-4D18-B08A-7365AD853CC1}.Release|Any CPU.ActiveCfg = Release|Any CPU
		{3EE3A60A-697B-4D18-B08A-7365AD853CC1}.Release|Any CPU.Build.0 = Release|Any CPU
		{62EDB70F-DED3-4E9D-91FD-4ED0D84AD59A}.Debug|Any CPU.ActiveCfg = Debug|Any CPU
		{62EDB70F-DED3-4E9D-91FD-4ED0D84AD59A}.Debug|Any CPU.Build.0 = Debug|Any CPU
		{62EDB70F-DED3-4E9D-91FD-4ED0D84AD59A}.Release|Any CPU.ActiveCfg = Release|Any CPU
		{62EDB70F-DED3-4E9D-91FD-4ED0D84AD59A}.Release|Any CPU.Build.0 = Release|Any CPU
		{F615F589-C5DB-4163-B95D-F044E9789C4B}.Debug|Any CPU.ActiveCfg = Debug|Any CPU
		{F615F589-C5DB-4163-B95D-F044E9789C4B}.Debug|Any CPU.Build.0 = Debug|Any CPU
		{F615F589-C5DB-4163-B95D-F044E9789C4B}.Release|Any CPU.ActiveCfg = Release|Any CPU
		{F615F589-C5DB-4163-B95D-F044E9789C4B}.Release|Any CPU.Build.0 = Release|Any CPU
		{7F53B7DF-C94A-4BB6-A36A-0775F780D477}.Debug|Any CPU.ActiveCfg = Debug|Any CPU
		{7F53B7DF-C94A-4BB6-A36A-0775F780D477}.Debug|Any CPU.Build.0 = Debug|Any CPU
		{7F53B7DF-C94A-4BB6-A36A-0775F780D477}.Release|Any CPU.ActiveCfg = Release|Any CPU
		{7F53B7DF-C94A-4BB6-A36A-0775F780D477}.Release|Any CPU.Build.0 = Release|Any CPU
		{1270BD19-1A38-4E67-AAD6-6D9F493DE151}.Debug|Any CPU.ActiveCfg = Debug|Any CPU
		{1270BD19-1A38-4E67-AAD6-6D9F493DE151}.Debug|Any CPU.Build.0 = Debug|Any CPU
		{1270BD19-1A38-4E67-AAD6-6D9F493DE151}.Release|Any CPU.ActiveCfg = Release|Any CPU
		{1270BD19-1A38-4E67-AAD6-6D9F493DE151}.Release|Any CPU.Build.0 = Release|Any CPU
		{FD541A97-C886-48D4-9186-2643B0A9DF13}.Debug|Any CPU.ActiveCfg = Debug|Any CPU
		{FD541A97-C886-48D4-9186-2643B0A9DF13}.Debug|Any CPU.Build.0 = Debug|Any CPU
		{FD541A97-C886-48D4-9186-2643B0A9DF13}.Release|Any CPU.ActiveCfg = Release|Any CPU
		{FD541A97-C886-48D4-9186-2643B0A9DF13}.Release|Any CPU.Build.0 = Release|Any CPU
		{A5EA4FB0-9422-4303-9EB6-83EB364845B9}.Debug|Any CPU.ActiveCfg = Debug|Any CPU
		{A5EA4FB0-9422-4303-9EB6-83EB364845B9}.Debug|Any CPU.Build.0 = Debug|Any CPU
		{A5EA4FB0-9422-4303-9EB6-83EB364845B9}.Release|Any CPU.ActiveCfg = Release|Any CPU
		{A5EA4FB0-9422-4303-9EB6-83EB364845B9}.Release|Any CPU.Build.0 = Release|Any CPU
		{C2D5CAB3-1D23-4620-ACCD-474AB892DF76}.Debug|Any CPU.ActiveCfg = Debug|Any CPU
		{C2D5CAB3-1D23-4620-ACCD-474AB892DF76}.Debug|Any CPU.Build.0 = Debug|Any CPU
		{C2D5CAB3-1D23-4620-ACCD-474AB892DF76}.Release|Any CPU.ActiveCfg = Release|Any CPU
		{C2D5CAB3-1D23-4620-ACCD-474AB892DF76}.Release|Any CPU.Build.0 = Release|Any CPU
		{84F8223B-300F-4489-9F53-210DFB2C5D7F}.Debug|Any CPU.ActiveCfg = Debug|Any CPU
		{84F8223B-300F-4489-9F53-210DFB2C5D7F}.Debug|Any CPU.Build.0 = Debug|Any CPU
		{84F8223B-300F-4489-9F53-210DFB2C5D7F}.Release|Any CPU.ActiveCfg = Release|Any CPU
		{84F8223B-300F-4489-9F53-210DFB2C5D7F}.Release|Any CPU.Build.0 = Release|Any CPU
		{A20DB726-CB2A-454E-B47F-A1CDE3CA2675}.Debug|Any CPU.ActiveCfg = Debug|Any CPU
		{A20DB726-CB2A-454E-B47F-A1CDE3CA2675}.Debug|Any CPU.Build.0 = Debug|Any CPU
		{A20DB726-CB2A-454E-B47F-A1CDE3CA2675}.Release|Any CPU.ActiveCfg = Release|Any CPU
		{A20DB726-CB2A-454E-B47F-A1CDE3CA2675}.Release|Any CPU.Build.0 = Release|Any CPU
		{DC2A94AF-C6F3-4877-8AD9-43AEE42C79A4}.Debug|Any CPU.ActiveCfg = Debug|Any CPU
		{DC2A94AF-C6F3-4877-8AD9-43AEE42C79A4}.Debug|Any CPU.Build.0 = Debug|Any CPU
		{DC2A94AF-C6F3-4877-8AD9-43AEE42C79A4}.Release|Any CPU.ActiveCfg = Release|Any CPU
		{DC2A94AF-C6F3-4877-8AD9-43AEE42C79A4}.Release|Any CPU.Build.0 = Release|Any CPU
		{2189A028-4F64-44C9-BE8F-1EC40D2F6422}.Debug|Any CPU.ActiveCfg = Debug|Any CPU
		{2189A028-4F64-44C9-BE8F-1EC40D2F6422}.Debug|Any CPU.Build.0 = Debug|Any CPU
		{2189A028-4F64-44C9-BE8F-1EC40D2F6422}.Release|Any CPU.ActiveCfg = Release|Any CPU
		{2189A028-4F64-44C9-BE8F-1EC40D2F6422}.Release|Any CPU.Build.0 = Release|Any CPU
		{C76BFC27-56DE-460E-BAB6-55EFC6E54CEB}.Debug|Any CPU.ActiveCfg = Debug|Any CPU
		{C76BFC27-56DE-460E-BAB6-55EFC6E54CEB}.Debug|Any CPU.Build.0 = Debug|Any CPU
		{C76BFC27-56DE-460E-BAB6-55EFC6E54CEB}.Release|Any CPU.ActiveCfg = Release|Any CPU
		{C76BFC27-56DE-460E-BAB6-55EFC6E54CEB}.Release|Any CPU.Build.0 = Release|Any CPU
		{5703CD9D-9634-49B7-B7CD-C98F4E8FFF85}.Debug|Any CPU.ActiveCfg = Debug|Any CPU
		{5703CD9D-9634-49B7-B7CD-C98F4E8FFF85}.Debug|Any CPU.Build.0 = Debug|Any CPU
		{5703CD9D-9634-49B7-B7CD-C98F4E8FFF85}.Release|Any CPU.ActiveCfg = Release|Any CPU
		{5703CD9D-9634-49B7-B7CD-C98F4E8FFF85}.Release|Any CPU.Build.0 = Release|Any CPU
		{0169110A-3041-49F7-8E9E-765E310C10F6}.Debug|Any CPU.ActiveCfg = Debug|Any CPU
		{0169110A-3041-49F7-8E9E-765E310C10F6}.Debug|Any CPU.Build.0 = Debug|Any CPU
		{0169110A-3041-49F7-8E9E-765E310C10F6}.Release|Any CPU.ActiveCfg = Release|Any CPU
		{0169110A-3041-49F7-8E9E-765E310C10F6}.Release|Any CPU.Build.0 = Release|Any CPU
		{2908074B-6B58-4010-AEA2-ACB17FF16E80}.Debug|Any CPU.ActiveCfg = Debug|Any CPU
		{2908074B-6B58-4010-AEA2-ACB17FF16E80}.Debug|Any CPU.Build.0 = Debug|Any CPU
		{2908074B-6B58-4010-AEA2-ACB17FF16E80}.Release|Any CPU.ActiveCfg = Release|Any CPU
		{2908074B-6B58-4010-AEA2-ACB17FF16E80}.Release|Any CPU.Build.0 = Release|Any CPU
		{91110BD9-5040-44C8-912A-88FA7F74B204}.Debug|Any CPU.ActiveCfg = Debug|Any CPU
		{91110BD9-5040-44C8-912A-88FA7F74B204}.Debug|Any CPU.Build.0 = Debug|Any CPU
		{91110BD9-5040-44C8-912A-88FA7F74B204}.Release|Any CPU.ActiveCfg = Release|Any CPU
		{91110BD9-5040-44C8-912A-88FA7F74B204}.Release|Any CPU.Build.0 = Release|Any CPU
		{9952F359-59B2-446B-937D-C660C5372C66}.Debug|Any CPU.ActiveCfg = Debug|Any CPU
		{9952F359-59B2-446B-937D-C660C5372C66}.Debug|Any CPU.Build.0 = Debug|Any CPU
		{9952F359-59B2-446B-937D-C660C5372C66}.Release|Any CPU.ActiveCfg = Release|Any CPU
		{9952F359-59B2-446B-937D-C660C5372C66}.Release|Any CPU.Build.0 = Release|Any CPU
	EndGlobalSection
	GlobalSection(NestedProjects) = preSolution
		{7A743853-CBAE-4678-AF09-DE985A820C40} = {79BFC0EB-F987-42D1-A3AA-486522E2F4DC}
		{E6EA31C5-F266-40F4-BA37-C7F07FBD8E58} = {7A743853-CBAE-4678-AF09-DE985A820C40}
		{75808891-2011-4419-8C80-3E138AF740B6} = {79BFC0EB-F987-42D1-A3AA-486522E2F4DC}
		{7F53B7DF-C94A-4BB6-A36A-0775F780D477} = {75808891-2011-4419-8C80-3E138AF740B6}
		{9685ACD3-7712-4479-985F-176BE8361BF9} = {79BFC0EB-F987-42D1-A3AA-486522E2F4DC}
		{62EDB70F-DED3-4E9D-91FD-4ED0D84AD59A} = {9685ACD3-7712-4479-985F-176BE8361BF9}
		{3EE3A60A-697B-4D18-B08A-7365AD853CC1} = {9685ACD3-7712-4479-985F-176BE8361BF9}
		{F615F589-C5DB-4163-B95D-F044E9789C4B} = {9685ACD3-7712-4479-985F-176BE8361BF9}
		{C2D5CAB3-1D23-4620-ACCD-474AB892DF76} = {9685ACD3-7712-4479-985F-176BE8361BF9}
		{7CD66731-E1A9-4F84-AEF4-F4433B443544} = {79BFC0EB-F987-42D1-A3AA-486522E2F4DC}
		{2599B08F-C8FD-4276-89AD-A3BDA5BF6F5D} = {7CD66731-E1A9-4F84-AEF4-F4433B443544}
		{84F8223B-300F-4489-9F53-210DFB2C5D7F} = {7CD66731-E1A9-4F84-AEF4-F4433B443544}
		{BD92142E-C92F-43B7-A2CF-6049962F1632} = {79BFC0EB-F987-42D1-A3AA-486522E2F4DC}
		{BEC64C19-CE1D-40F7-AA89-E37B00C4C6E3} = {BD92142E-C92F-43B7-A2CF-6049962F1632}
		{A5EA4FB0-9422-4303-9EB6-83EB364845B9} = {BD92142E-C92F-43B7-A2CF-6049962F1632}
		{FD541A97-C886-48D4-9186-2643B0A9DF13} = {BD92142E-C92F-43B7-A2CF-6049962F1632}
		{A20DB726-CB2A-454E-B47F-A1CDE3CA2675} = {9685ACD3-7712-4479-985F-176BE8361BF9}
		{DC2A94AF-C6F3-4877-8AD9-43AEE42C79A4} = {9685ACD3-7712-4479-985F-176BE8361BF9}
		{2189A028-4F64-44C9-BE8F-1EC40D2F6422} = {EBDF250E-4C69-4B73-B2B1-DB7533B4AB42}
		{C76BFC27-56DE-460E-BAB6-55EFC6E54CEB} = {EBDF250E-4C69-4B73-B2B1-DB7533B4AB42}
		{1270BD19-1A38-4E67-AAD6-6D9F493DE151} = {EBDF250E-4C69-4B73-B2B1-DB7533B4AB42}
		{F1C60A33-0B4F-4B8A-AF7B-FF921FC7D518} = {EBDF250E-4C69-4B73-B2B1-DB7533B4AB42}
		{5703CD9D-9634-49B7-B7CD-C98F4E8FFF85} = {F1C60A33-0B4F-4B8A-AF7B-FF921FC7D518}
		{0169110A-3041-49F7-8E9E-765E310C10F6} = {75808891-2011-4419-8C80-3E138AF740B6}
		{60FCC6F2-0D28-48D0-AD47-0F68249E8380} = {EBDF250E-4C69-4B73-B2B1-DB7533B4AB42}
		{2908074B-6B58-4010-AEA2-ACB17FF16E80} = {60FCC6F2-0D28-48D0-AD47-0F68249E8380}
		{91110BD9-5040-44C8-912A-88FA7F74B204} = {BD92142E-C92F-43B7-A2CF-6049962F1632}
		{9952F359-59B2-446B-937D-C660C5372C66} = {BD92142E-C92F-43B7-A2CF-6049962F1632}
	EndGlobalSection
EndGlobal
